
Microsoft Visual Studio Solution File, Format Version 12.00
# Visual Studio Version 16
VisualStudioVersion = 16.0.31112.23
MinimumVisualStudioVersion = 10.0.40219.1
Project("{9A19103F-16F7-4668-BE54-9A1E7A4F7556}") = "SkillTestSegfy.Web", "SkillTestSegfy.Web\SkillTestSegfy.Web.csproj", "{8DEADFE3-C2F9-4473-9BAA-DEFFAB9D181C}"
EndProject
Project("{FAE04EC0-301F-11D3-BF4B-00C04F79EFBC}") = "SkillTestSegfy.Tests", "SkillTestSegfy.Tests\SkillTestSegfy.Tests.csproj", "{7FB7C01E-0CBB-41F8-A33F-D8B9AB2D0D15}"
EndProject
Project("{2150E333-8FDC-42A3-9474-1A3956D46DE8}") = "Tests", "Tests", "{64E9F132-152C-4A07-9A51-DA2557FCFC23}"
EndProject
Project("{2150E333-8FDC-42A3-9474-1A3956D46DE8}") = "Presentation", "Presentation", "{AEE3F436-4375-448D-832A-218974384E4F}"
EndProject
Global
	GlobalSection(SolutionConfigurationPlatforms) = preSolution
		Debug|Any CPU = Debug|Any CPU
		Release|Any CPU = Release|Any CPU
	EndGlobalSection
	GlobalSection(ProjectConfigurationPlatforms) = postSolution
		{8DEADFE3-C2F9-4473-9BAA-DEFFAB9D181C}.Debug|Any CPU.ActiveCfg = Debug|Any CPU
		{8DEADFE3-C2F9-4473-9BAA-DEFFAB9D181C}.Debug|Any CPU.Build.0 = Debug|Any CPU
		{8DEADFE3-C2F9-4473-9BAA-DEFFAB9D181C}.Release|Any CPU.ActiveCfg = Release|Any CPU
		{8DEADFE3-C2F9-4473-9BAA-DEFFAB9D181C}.Release|Any CPU.Build.0 = Release|Any CPU
		{7FB7C01E-0CBB-41F8-A33F-D8B9AB2D0D15}.Debug|Any CPU.ActiveCfg = Debug|Any CPU
		{7FB7C01E-0CBB-41F8-A33F-D8B9AB2D0D15}.Debug|Any CPU.Build.0 = Debug|Any CPU
		{7FB7C01E-0CBB-41F8-A33F-D8B9AB2D0D15}.Release|Any CPU.ActiveCfg = Release|Any CPU
		{7FB7C01E-0CBB-41F8-A33F-D8B9AB2D0D15}.Release|Any CPU.Build.0 = Release|Any CPU
	EndGlobalSection
	GlobalSection(SolutionProperties) = preSolution
		HideSolutionNode = FALSE
	EndGlobalSection
	GlobalSection(NestedProjects) = preSolution
		{8DEADFE3-C2F9-4473-9BAA-DEFFAB9D181C} = {AEE3F436-4375-448D-832A-218974384E4F}
		{7FB7C01E-0CBB-41F8-A33F-D8B9AB2D0D15} = {64E9F132-152C-4A07-9A51-DA2557FCFC23}
	EndGlobalSection
	GlobalSection(ExtensibilityGlobals) = postSolution
		SolutionGuid = {5F4622C9-18A2-4B3C-8191-AF813B6A5D7B}
	EndGlobalSection
EndGlobal
