Microsoft Visual Studio Solution File, Format Version 12.00
# Visual Studio 14
VisualStudioVersion = 14.0.25420.1
MinimumVisualStudioVersion = 10.0.40219.1
Project("{FAE04EC0-301F-11D3-BF4B-00C04F79EFBC}") = "Web-UI", "Web-UI\Web-UI.csproj", "{0E514763-7DB5-483F-9B85-99AD9159E4EA}"
EndProject
Global
	GlobalSection(SolutionConfigurationPlatforms) = preSolution
		Debug|Any CPU = Debug|Any CPU
		Release|Any CPU = Release|Any CPU
	EndGlobalSection
	GlobalSection(ProjectConfigurationPlatforms) = postSolution
		{0E514763-7DB5-483F-9B85-99AD9159E4EA}.Debug|Any CPU.ActiveCfg = Debug|Any CPU
		{0E514763-7DB5-483F-9B85-99AD9159E4EA}.Debug|Any CPU.Build.0 = Debug|Any CPU
		{0E514763-7DB5-483F-9B85-99AD9159E4EA}.Release|Any CPU.ActiveCfg = Release|Any CPU
		{0E514763-7DB5-483F-9B85-99AD9159E4EA}.Release|Any CPU.Build.0 = Release|Any CPU
	EndGlobalSection
	GlobalSection(SolutionProperties) = preSolution
		HideSolutionNode = FALSE
	EndGlobalSection
	GlobalSection(ExtensibilityGlobals) = postSolution
		SolutionGuid = {1841F06A-3B15-4CE3-9739-02A0C86F1D4E}
	EndGlobalSection
EndGlobal
