
Microsoft Visual Studio Solution File, Format Version 12.00
# Visual Studio Version 16
VisualStudioVersion = 16.0.29806.167
MinimumVisualStudioVersion = 10.0.40219.1
Project("{9A19103F-16F7-4668-BE54-9A1E7A4F7556}") = "appcore", "appcore.csproj", "{4383EEEF-9722-43A9-8637-48145C30ECF8}"
EndProject
Global
	GlobalSection(SolutionConfigurationPlatforms) = preSolution
		Debug|Any CPU = Debug|Any CPU
		Release|Any CPU = Release|Any CPU
	EndGlobalSection
	GlobalSection(ProjectConfigurationPlatforms) = postSolution
		{4383EEEF-9722-43A9-8637-48145C30ECF8}.Debug|Any CPU.ActiveCfg = Debug|Any CPU
		{4383EEEF-9722-43A9-8637-48145C30ECF8}.Debug|Any CPU.Build.0 = Debug|Any CPU
		{4383EEEF-9722-43A9-8637-48145C30ECF8}.Release|Any CPU.ActiveCfg = Release|Any CPU
		{4383EEEF-9722-43A9-8637-48145C30ECF8}.Release|Any CPU.Build.0 = Release|Any CPU
	EndGlobalSection
	GlobalSection(SolutionProperties) = preSolution
		HideSolutionNode = FALSE
	EndGlobalSection
	GlobalSection(ExtensibilityGlobals) = postSolution
		SolutionGuid = {A6763C57-7AD5-49BD-B1E1-8710B429EC3F}
	EndGlobalSection
EndGlobal
