
Microsoft Visual Studio Solution File, Format Version 12.00
# Visual Studio Version 16
VisualStudioVersion = 16.0.29905.134
MinimumVisualStudioVersion = 10.0.40219.1
Project("{2150E333-8FDC-42A3-9474-1A3956D46DE8}") = "ClientApp", "ClientApp", "{A8D7B200-7902-4CA8-B0D9-39A49BCFF204}"
EndProject
Project("{2150E333-8FDC-42A3-9474-1A3956D46DE8}") = "ServiceApp", "ServiceApp", "{41528B36-5A0A-4AE4-8D86-749E0A0060DF}"
EndProject
Project("{2150E333-8FDC-42A3-9474-1A3956D46DE8}") = "Tests", "Tests", "{6CDC143A-4F6A-435E-8757-6FB2ECDAFEBB}"
EndProject
Project("{9A19103F-16F7-4668-BE54-9A1E7A4F7556}") = "HiringDevWebAPI", "ServiceApp\HiringDevWebAPI\HiringDevWebAPI.csproj", "{0A6CD322-942E-4AC2-88F1-8058136F7F59}"
EndProject
Project("{FAE04EC0-301F-11D3-BF4B-00C04F79EFBC}") = "HiringDevWebAppTest", "Tests\HiringDevWebAppTest\HiringDevWebAppTest.csproj", "{B54B2698-E7CE-4C4B-9D36-FEAE6A098906}"
EndProject
Global
	GlobalSection(SolutionConfigurationPlatforms) = preSolution
		Debug|Any CPU = Debug|Any CPU
		Release|Any CPU = Release|Any CPU
	EndGlobalSection
	GlobalSection(ProjectConfigurationPlatforms) = postSolution
		{0A6CD322-942E-4AC2-88F1-8058136F7F59}.Debug|Any CPU.ActiveCfg = Debug|Any CPU
		{0A6CD322-942E-4AC2-88F1-8058136F7F59}.Debug|Any CPU.Build.0 = Debug|Any CPU
		{0A6CD322-942E-4AC2-88F1-8058136F7F59}.Release|Any CPU.ActiveCfg = Release|Any CPU
		{0A6CD322-942E-4AC2-88F1-8058136F7F59}.Release|Any CPU.Build.0 = Release|Any CPU
		{B54B2698-E7CE-4C4B-9D36-FEAE6A098906}.Debug|Any CPU.ActiveCfg = Debug|Any CPU
		{B54B2698-E7CE-4C4B-9D36-FEAE6A098906}.Debug|Any CPU.Build.0 = Debug|Any CPU
		{B54B2698-E7CE-4C4B-9D36-FEAE6A098906}.Release|Any CPU.ActiveCfg = Release|Any CPU
		{B54B2698-E7CE-4C4B-9D36-FEAE6A098906}.Release|Any CPU.Build.0 = Release|Any CPU
	EndGlobalSection
	GlobalSection(SolutionProperties) = preSolution
		HideSolutionNode = FALSE
	EndGlobalSection
	GlobalSection(NestedProjects) = preSolution
		{0A6CD322-942E-4AC2-88F1-8058136F7F59} = {41528B36-5A0A-4AE4-8D86-749E0A0060DF}
		{B54B2698-E7CE-4C4B-9D36-FEAE6A098906} = {6CDC143A-4F6A-435E-8757-6FB2ECDAFEBB}
	EndGlobalSection
	GlobalSection(ExtensibilityGlobals) = postSolution
		SolutionGuid = {375EDBD4-A56D-41FB-A001-B41414F7C2FA}
	EndGlobalSection
EndGlobal
