
Microsoft Visual Studio Solution File, Format Version 12.00
# Visual Studio Version 16
VisualStudioVersion = 16.0.31424.327
MinimumVisualStudioVersion = 10.0.40219.1
Project("{9A19103F-16F7-4668-BE54-9A1E7A4F7556}") = "Joao.HiringDev.Apresentacao", "src\Joao.HiringDev.Apresentacao\Joao.HiringDev.Apresentacao.csproj", "{14DC262D-96DC-4A94-ADCC-9C421D28066A}"
EndProject
Project("{9A19103F-16F7-4668-BE54-9A1E7A4F7556}") = "Joao.HiringDev.Servicos.Core", "src\Joao.HiringDev.Servicos.Core\Joao.HiringDev.Servicos.Core.csproj", "{69C1CECF-F9C7-47C6-A47F-4090A80C9680}"
EndProject
Project("{9A19103F-16F7-4668-BE54-9A1E7A4F7556}") = "Joao.HiringDev.Servicos", "src\Joao.HiringDev.Servicos\Joao.HiringDev.Servicos.csproj", "{788A5ECC-2E9F-4B81-83E2-6CFCF2CFA32D}"
EndProject
Project("{9A19103F-16F7-4668-BE54-9A1E7A4F7556}") = "Joao.HiringDev.Dominio.Core", "src\Joao.HiringDev.Dominio.Core\Joao.HiringDev.Dominio.Core.csproj", "{9F42FA7F-C70F-4545-B510-031EE668CCD8}"
EndProject
Project("{9A19103F-16F7-4668-BE54-9A1E7A4F7556}") = "Joao.HiringDev.Dominio", "src\Joao.HiringDev.Dominio\Joao.HiringDev.Dominio.csproj", "{35D1D6FB-4C6D-4359-ACF6-41FB8F445584}"
EndProject
Project("{FAE04EC0-301F-11D3-BF4B-00C04F79EFBC}") = "Joao.HiringDev.Infraestrutura", "Joao.HiringDev.Infraestrutura\Joao.HiringDev.Infraestrutura.csproj", "{D266A49F-1DC6-4157-ADF1-37F61E5BFC50}"
EndProject
Project("{FAE04EC0-301F-11D3-BF4B-00C04F79EFBC}") = "Joao.HiringDev.Infraestrutura.Core", "Joao.HiringDev.Infraestrutura.Core\Joao.HiringDev.Infraestrutura.Core.csproj", "{242988C2-3F5A-44C7-9F44-72F388D659D5}"
EndProject
Global
	GlobalSection(SolutionConfigurationPlatforms) = preSolution
		Debug|Any CPU = Debug|Any CPU
		Release|Any CPU = Release|Any CPU
	EndGlobalSection
	GlobalSection(ProjectConfigurationPlatforms) = postSolution
		{14DC262D-96DC-4A94-ADCC-9C421D28066A}.Debug|Any CPU.ActiveCfg = Debug|Any CPU
		{14DC262D-96DC-4A94-ADCC-9C421D28066A}.Debug|Any CPU.Build.0 = Debug|Any CPU
		{14DC262D-96DC-4A94-ADCC-9C421D28066A}.Release|Any CPU.ActiveCfg = Release|Any CPU
		{14DC262D-96DC-4A94-ADCC-9C421D28066A}.Release|Any CPU.Build.0 = Release|Any CPU
		{69C1CECF-F9C7-47C6-A47F-4090A80C9680}.Debug|Any CPU.ActiveCfg = Debug|Any CPU
		{69C1CECF-F9C7-47C6-A47F-4090A80C9680}.Debug|Any CPU.Build.0 = Debug|Any CPU
		{69C1CECF-F9C7-47C6-A47F-4090A80C9680}.Release|Any CPU.ActiveCfg = Release|Any CPU
		{69C1CECF-F9C7-47C6-A47F-4090A80C9680}.Release|Any CPU.Build.0 = Release|Any CPU
		{788A5ECC-2E9F-4B81-83E2-6CFCF2CFA32D}.Debug|Any CPU.ActiveCfg = Debug|Any CPU
		{788A5ECC-2E9F-4B81-83E2-6CFCF2CFA32D}.Debug|Any CPU.Build.0 = Debug|Any CPU
		{788A5ECC-2E9F-4B81-83E2-6CFCF2CFA32D}.Release|Any CPU.ActiveCfg = Release|Any CPU
		{788A5ECC-2E9F-4B81-83E2-6CFCF2CFA32D}.Release|Any CPU.Build.0 = Release|Any CPU
		{9F42FA7F-C70F-4545-B510-031EE668CCD8}.Debug|Any CPU.ActiveCfg = Debug|Any CPU
		{9F42FA7F-C70F-4545-B510-031EE668CCD8}.Debug|Any CPU.Build.0 = Debug|Any CPU
		{9F42FA7F-C70F-4545-B510-031EE668CCD8}.Release|Any CPU.ActiveCfg = Release|Any CPU
		{9F42FA7F-C70F-4545-B510-031EE668CCD8}.Release|Any CPU.Build.0 = Release|Any CPU
		{35D1D6FB-4C6D-4359-ACF6-41FB8F445584}.Debug|Any CPU.ActiveCfg = Debug|Any CPU
		{35D1D6FB-4C6D-4359-ACF6-41FB8F445584}.Debug|Any CPU.Build.0 = Debug|Any CPU
		{35D1D6FB-4C6D-4359-ACF6-41FB8F445584}.Release|Any CPU.ActiveCfg = Release|Any CPU
		{35D1D6FB-4C6D-4359-ACF6-41FB8F445584}.Release|Any CPU.Build.0 = Release|Any CPU
		{D266A49F-1DC6-4157-ADF1-37F61E5BFC50}.Debug|Any CPU.ActiveCfg = Debug|Any CPU
		{D266A49F-1DC6-4157-ADF1-37F61E5BFC50}.Debug|Any CPU.Build.0 = Debug|Any CPU
		{D266A49F-1DC6-4157-ADF1-37F61E5BFC50}.Release|Any CPU.ActiveCfg = Release|Any CPU
		{D266A49F-1DC6-4157-ADF1-37F61E5BFC50}.Release|Any CPU.Build.0 = Release|Any CPU
		{242988C2-3F5A-44C7-9F44-72F388D659D5}.Debug|Any CPU.ActiveCfg = Debug|Any CPU
		{242988C2-3F5A-44C7-9F44-72F388D659D5}.Debug|Any CPU.Build.0 = Debug|Any CPU
		{242988C2-3F5A-44C7-9F44-72F388D659D5}.Release|Any CPU.ActiveCfg = Release|Any CPU
		{242988C2-3F5A-44C7-9F44-72F388D659D5}.Release|Any CPU.Build.0 = Release|Any CPU
	EndGlobalSection
	GlobalSection(SolutionProperties) = preSolution
		HideSolutionNode = FALSE
	EndGlobalSection
	GlobalSection(ExtensibilityGlobals) = postSolution
		SolutionGuid = {34A4A5AE-E1E2-4314-B0BC-ECC44BCC15A1}
	EndGlobalSection
EndGlobal
